PODS:
  - Action (3.8.0):
    - RxCocoa (~> 4.3.0)
    - RxSwift (~> 4.3.0)
  - Alamofire (4.7.3)
  - DateToolsSwift (4.0.0)
  - Differentiator (3.1.0)
  - HyperioniOS/AttributesInspector (1.0.2):
    - HyperioniOS/Core
  - HyperioniOS/Core (1.0.2)
  - HyperioniOS/Measurements (1.0.2):
    - HyperioniOS/Core
  - HyperioniOS/SlowAnimations (1.0.2):
    - HyperioniOS/Core
  - KeychainAccess (3.1.1)
  - Moya (11.0.2):
    - Moya/Core (= 11.0.2)
  - Moya-ObjectMapper/Core (2.7):
    - Moya (~> 11)
    - ObjectMapper (~> 3.3)
  - Moya-ObjectMapper/RxSwift (2.7):
    - Moya-ObjectMapper/Core
    - RxSwift (~> 4.1)
  - Moya/Core (11.0.2):
    - Alamofire (~> 4.1)
    - Result (~> 3.0)
  - Moya/RxSwift (11.0.2):
    - Moya/Core
    - RxSwift (~> 4.0)
  - Nimble (7.3.0)
  - ObjectMapper (3.3.0)
  - PINCache (3.0.1-beta.6):
    - PINCache/Arc-exception-safe (= 3.0.1-beta.6)
    - PINCache/Core (= 3.0.1-beta.6)
  - PINCache/Arc-exception-safe (3.0.1-beta.6):
    - PINCache/Core
  - PINCache/Core (3.0.1-beta.6):
    - PINOperation (~> 1.1.0)
  - PINOperation (1.1.1)
  - PINRemoteImage/Core (3.0.0-beta.13):
    - PINOperation
  - PINRemoteImage/PINCache (3.0.0-beta.13):
    - PINCache (= 3.0.1-beta.6)
    - PINRemoteImage/Core
  - Quick (1.3.1)
  - R.swift (5.0.0.alpha.2):
    - R.swift.Library (~> 5.0.0.alpha.2)
  - R.swift.Library (5.0.0.alpha.2)
  - ReachabilitySwift (4.2.1)
  - Result (3.2.4)
  - RxBlocking (4.3.0):
    - RxSwift (~> 4.0)
  - RxCocoa (4.3.0):
    - RxSwift (~> 4.0)
  - RxDataSources (3.1.0):
    - Differentiator (~> 3.0)
    - RxCocoa (~> 4.0)
    - RxSwift (~> 4.0)
  - RxOptional (3.5.0):
    - RxCocoa (~> 4.0)
    - RxSwift (~> 4.0)
  - RxSwift (4.3.0)
  - RxSwiftExt (3.3.0):
    - RxSwiftExt/Core (= 3.3.0)
  - RxSwiftExt/Core (3.3.0):
    - RxSwift (~> 4.0)
  - RxTest (4.3.0):
    - RxSwift (~> 4.0)
  - SwiftLint (0.27.0)

DEPENDENCIES:
  - Action (~> 3.8)
  - DateToolsSwift (~> 4.0)
  - HyperioniOS/AttributesInspector
  - HyperioniOS/Core
  - HyperioniOS/Measurements
  - HyperioniOS/SlowAnimations
  - KeychainAccess
  - Moya-ObjectMapper/RxSwift (~> 2.7)
  - Moya/RxSwift (~> 11.0)
  - Nimble
  - ObjectMapper (~> 3.3)
  - PINRemoteImage/PINCache (= 3.0.0-beta.13)
  - Quick
  - R.swift (~> 5.0.0.alpha.2)
  - ReachabilitySwift (~> 4.2)
  - RxBlocking (~> 4.3)
  - RxDataSources (~> 3.1)
  - RxOptional (~> 3.5)
  - RxSwift (~> 4.3)
  - RxSwiftExt (~> 3.3)
  - RxTest (~> 4.3)
  - SwiftLint (~> 0.27)

SPEC REPOS:
  https://github.com/cocoapods/specs.git:
    - Action
    - Alamofire
    - DateToolsSwift
    - Differentiator
    - HyperioniOS
    - KeychainAccess
    - Moya
    - Moya-ObjectMapper
    - Nimble
    - ObjectMapper
    - PINCache
    - PINOperation
    - PINRemoteImage
    - Quick
    - R.swift
    - R.swift.Library
    - ReachabilitySwift
    - Result
    - RxBlocking
    - RxCocoa
    - RxDataSources
    - RxOptional
    - RxSwift
    - RxSwiftExt
    - RxTest
    - SwiftLint

SPEC CHECKSUMS:
  Action: 2275d04a407ecaf46a58d58a304388a28155a0a1
  Alamofire: c7287b6e5d7da964a70935e5db17046b7fde6568
  DateToolsSwift: 875d97ff9e3a5d54abdd67a269b3f51c757b71ab
  Differentiator: be49ca3408f0ecfc761e4c7763d20c62be01b9ad
  HyperioniOS: 2397937925b2d57ec28182ac979879b0da2658ee
  KeychainAccess: 7bd430028059754a3debab3cfc0bd1fc7fb85df3
  Moya: a725035953bc1c0eb1be505ab903984501d82440
  Moya-ObjectMapper: 441caa307b527331fde59e2577adc632a16f1255
  Nimble: c8d6a1f463701921c46de965c673e13cafa09196
  ObjectMapper: b612bf8c8e99c4dc0bb6013a51f7c27966ed5da9
  PINCache: d195fdba255283f7e9900a55e3cced377f431f9b
  PINOperation: a6219e6fc9db9c269eb7a7b871ac193bcf400aac
  PINRemoteImage: d6d51c5d2adda55f1ce30c96e850b6c4ebd2856a
  Quick: d17304d58d0d169dd0bd1c6e5c28e3318de32a1a
  R.swift: 31fa1bd537fa81307815cc622122f33331f32174
  R.swift.Library: 3c21b823839bf5a6769dc7f96cb44479dab51b1b
  ReachabilitySwift: 35720ffea59c1c76d15f885be77fd33e33985427
  Result: d2d07204ce72856f1fd9130bbe42c35a7b0fea10
  RxBlocking: ab8b3ac2aa5d030146fe3a3e7916d8efa202beae
  RxCocoa: 71b9cce833fbcb89a8eec11816dd225830c2bd3c
  RxDataSources: a843bad90c29817f5923ec8163f4af2de084ceb3
  RxOptional: bd32ff8ca9df4177683d56ffeb618a9d4d5d5cad
  RxSwift: a9717a34df3179fe63563f76e046ad345078dd3a
  RxSwiftExt: 81afb48ab0602f503147417baeb3989d64c7687d
  RxTest: 831444848ac3c5efdd7d80ff5dc4b50ba08877a9
  SwiftLint: 3207c1faa2240bf8973b191820a116113cd11073

PODFILE CHECKSUM: 9eaf0fc336e37e1a56464f589bf290d7dc8ab309

COCOAPODS: 1.5.3
