// !$*UTF8*$!
{
	archiveVersion = 1;
	classes = {
	};
	objectVersion = 46;
	objects = {

/* Begin PBXBuildFile section */
		0C24AC6C1FFEA2AC00B75942 /* Environment.swift in Sources */ = {isa = PBXBuildFile; fileRef = 0C24AC6B1FFEA2AC00B75942 /* Environment.swift */; };
		521CFD8B8934320EBA082411 /* Pods_BoilerplateTests.framework in Frameworks */ = {isa = PBXBuildFile; fileRef = 3EDEAD4E977CFF12319638B4 /* Pods_BoilerplateTests.framework */; };
		86308914A6E33AB9F9291B0F /* Pods_BoilerplateUITests.framework in Frameworks */ = {isa = PBXBuildFile; fileRef = 91EE36C95ECAEA6BF8A3CB00 /* Pods_BoilerplateUITests.framework */; };
		8D40B60A1DD1C5870020B78A /* AppDelegate.swift in Sources */ = {isa = PBXBuildFile; fileRef = 8D40B6091DD1C5870020B78A /* AppDelegate.swift */; };
		8D40B60C1DD1C5870020B78A /* ViewController.swift in Sources */ = {isa = PBXBuildFile; fileRef = 8D40B60B1DD1C5870020B78A /* ViewController.swift */; };
		8D40B60F1DD1C5870020B78A /* Main.storyboard in Resources */ = {isa = PBXBuildFile; fileRef = 8D40B60D1DD1C5870020B78A /* Main.storyboard */; };
		8D40B6111DD1C5870020B78A /* Assets.xcassets in Resources */ = {isa = PBXBuildFile; fileRef = 8D40B6101DD1C5870020B78A /* Assets.xcassets */; };
		8D40B6141DD1C5870020B78A /* LaunchScreen.storyboard in Resources */ = {isa = PBXBuildFile; fileRef = 8D40B6121DD1C5870020B78A /* LaunchScreen.storyboard */; };
		8D40B61F1DD1C5870020B78A /* BoilerplateTests.swift in Sources */ = {isa = PBXBuildFile; fileRef = 8D40B61E1DD1C5870020B78A /* BoilerplateTests.swift */; };
		8D40B62A1DD1C5870020B78A /* BoilerplateUITests.swift in Sources */ = {isa = PBXBuildFile; fileRef = 8D40B6291DD1C5870020B78A /* BoilerplateUITests.swift */; };
		E3CBD61155A237E2AA8504DE /* Pods_Boilerplate.framework in Frameworks */ = {isa = PBXBuildFile; fileRef = 97366A74290159E0A7EA1B49 /* Pods_Boilerplate.framework */; };
/* End PBXBuildFile section */

/* Begin PBXContainerItemProxy section */
		8D40B61B1DD1C5870020B78A /* PBXContainerItemProxy */ = {
			isa = PBXContainerItemProxy;
			containerPortal = 8D40B5FE1DD1C5870020B78A /* Project object */;
			proxyType = 1;
			remoteGlobalIDString = 8D40B6051DD1C5870020B78A;
			remoteInfo = Boilerplate;
		};
		8D40B6261DD1C5870020B78A /* PBXContainerItemProxy */ = {
			isa = PBXContainerItemProxy;
			containerPortal = 8D40B5FE1DD1C5870020B78A /* Project object */;
			proxyType = 1;
			remoteGlobalIDString = 8D40B6051DD1C5870020B78A;
			remoteInfo = Boilerplate;
		};
/* End PBXContainerItemProxy section */

/* Begin PBXFileReference section */
		0C24AC691FFEA00700B75942 /* Debug.xcconfig */ = {isa = PBXFileReference; lastKnownFileType = text.xcconfig; path = Debug.xcconfig; sourceTree = "<group>"; };
		0C24AC6A1FFEA01A00B75942 /* Release.xcconfig */ = {isa = PBXFileReference; lastKnownFileType = text.xcconfig; path = Release.xcconfig; sourceTree = "<group>"; };
		0C24AC6B1FFEA2AC00B75942 /* Environment.swift */ = {isa = PBXFileReference; lastKnownFileType = sourcecode.swift; path = Environment.swift; sourceTree = "<group>"; };
		220763353B015B6E6DEB6DCF /* Pods-BoilerplateUITests.debug.xcconfig */ = {isa = PBXFileReference; includeInIndex = 1; lastKnownFileType = text.xcconfig; name = "Pods-BoilerplateUITests.debug.xcconfig"; path = "Pods/Target Support Files/Pods-BoilerplateUITests/Pods-BoilerplateUITests.debug.xcconfig"; sourceTree = "<group>"; };
		2BC3B7B0F6E1568A9ABF676B /* Pods-Boilerplate.debug.xcconfig */ = {isa = PBXFileReference; includeInIndex = 1; lastKnownFileType = text.xcconfig; name = "Pods-Boilerplate.debug.xcconfig"; path = "Pods/Target Support Files/Pods-Boilerplate/Pods-Boilerplate.debug.xcconfig"; sourceTree = "<group>"; };
		3EDEAD4E977CFF12319638B4 /* Pods_BoilerplateTests.framework */ = {isa = PBXFileReference; explicitFileType = wrapper.framework; includeInIndex = 0; path = Pods_BoilerplateTests.framework; sourceTree = BUILT_PRODUCTS_DIR; };
		65E55F7044C1DFF736D39B43 /* Pods-BoilerplateUITests.release.xcconfig */ = {isa = PBXFileReference; includeInIndex = 1; lastKnownFileType = text.xcconfig; name = "Pods-BoilerplateUITests.release.xcconfig"; path = "Pods/Target Support Files/Pods-BoilerplateUITests/Pods-BoilerplateUITests.release.xcconfig"; sourceTree = "<group>"; };
		8D40B6061DD1C5870020B78A /* Boilerplate.app */ = {isa = PBXFileReference; explicitFileType = wrapper.application; includeInIndex = 0; path = Boilerplate.app; sourceTree = BUILT_PRODUCTS_DIR; };
		8D40B6091DD1C5870020B78A /* AppDelegate.swift */ = {isa = PBXFileReference; lastKnownFileType = sourcecode.swift; path = AppDelegate.swift; sourceTree = "<group>"; };
		8D40B60B1DD1C5870020B78A /* ViewController.swift */ = {isa = PBXFileReference; lastKnownFileType = sourcecode.swift; path = ViewController.swift; sourceTree = "<group>"; };
		8D40B60E1DD1C5870020B78A /* Base */ = {isa = PBXFileReference; lastKnownFileType = file.storyboard; name = Base; path = Base.lproj/Main.storyboard; sourceTree = "<group>"; };
		8D40B6101DD1C5870020B78A /* Assets.xcassets */ = {isa = PBXFileReference; lastKnownFileType = folder.assetcatalog; path = Assets.xcassets; sourceTree = "<group>"; };
		8D40B6131DD1C5870020B78A /* Base */ = {isa = PBXFileReference; lastKnownFileType = file.storyboard; name = Base; path = Base.lproj/LaunchScreen.storyboard; sourceTree = "<group>"; };
		8D40B6151DD1C5870020B78A /* Info.plist */ = {isa = PBXFileReference; lastKnownFileType = text.plist.xml; path = Info.plist; sourceTree = "<group>"; };
		8D40B61A1DD1C5870020B78A /* BoilerplateTests.xctest */ = {isa = PBXFileReference; explicitFileType = wrapper.cfbundle; includeInIndex = 0; path = BoilerplateTests.xctest; sourceTree = BUILT_PRODUCTS_DIR; };
		8D40B61E1DD1C5870020B78A /* BoilerplateTests.swift */ = {isa = PBXFileReference; lastKnownFileType = sourcecode.swift; path = BoilerplateTests.swift; sourceTree = "<group>"; };
		8D40B6201DD1C5870020B78A /* Info.plist */ = {isa = PBXFileReference; lastKnownFileType = text.plist.xml; path = Info.plist; sourceTree = "<group>"; };
		8D40B6251DD1C5870020B78A /* BoilerplateUITests.xctest */ = {isa = PBXFileReference; explicitFileType = wrapper.cfbundle; includeInIndex = 0; path = BoilerplateUITests.xctest; sourceTree = BUILT_PRODUCTS_DIR; };
		8D40B6291DD1C5870020B78A /* BoilerplateUITests.swift */ = {isa = PBXFileReference; lastKnownFileType = sourcecode.swift; path = BoilerplateUITests.swift; sourceTree = "<group>"; };
		8D40B62B1DD1C5870020B78A /* Info.plist */ = {isa = PBXFileReference; lastKnownFileType = text.plist.xml; path = Info.plist; sourceTree = "<group>"; };
		91EE36C95ECAEA6BF8A3CB00 /* Pods_BoilerplateUITests.framework */ = {isa = PBXFileReference; explicitFileType = wrapper.framework; includeInIndex = 0; path = Pods_BoilerplateUITests.framework; sourceTree = BUILT_PRODUCTS_DIR; };
		92093AE66A1BFF63770598CC /* Pods-BoilerplateTests.release.xcconfig */ = {isa = PBXFileReference; includeInIndex = 1; lastKnownFileType = text.xcconfig; name = "Pods-BoilerplateTests.release.xcconfig"; path = "Pods/Target Support Files/Pods-BoilerplateTests/Pods-BoilerplateTests.release.xcconfig"; sourceTree = "<group>"; };
		97366A74290159E0A7EA1B49 /* Pods_Boilerplate.framework */ = {isa = PBXFileReference; explicitFileType = wrapper.framework; includeInIndex = 0; path = Pods_Boilerplate.framework; sourceTree = BUILT_PRODUCTS_DIR; };
		9A1B4E6D8598EEB77E912B29 /* Pods-Boilerplate.release.xcconfig */ = {isa = PBXFileReference; includeInIndex = 1; lastKnownFileType = text.xcconfig; name = "Pods-Boilerplate.release.xcconfig"; path = "Pods/Target Support Files/Pods-Boilerplate/Pods-Boilerplate.release.xcconfig"; sourceTree = "<group>"; };
		D0AEABC6780A326BB5888FE4 /* Pods-BoilerplateTests.debug.xcconfig */ = {isa = PBXFileReference; includeInIndex = 1; lastKnownFileType = text.xcconfig; name = "Pods-BoilerplateTests.debug.xcconfig"; path = "Pods/Target Support Files/Pods-BoilerplateTests/Pods-BoilerplateTests.debug.xcconfig"; sourceTree = "<group>"; };
/* End PBXFileReference section */

/* Begin PBXFrameworksBuildPhase section */
		8D40B6031DD1C5870020B78A /* Frameworks */ = {
			isa = PBXFrameworksBuildPhase;
			buildActionMask = 2147483647;
			files = (
				E3CBD61155A237E2AA8504DE /* Pods_Boilerplate.framework in Frameworks */,
			);
			runOnlyForDeploymentPostprocessing = 0;
		};
		8D40B6171DD1C5870020B78A /* Frameworks */ = {
			isa = PBXFrameworksBuildPhase;
			buildActionMask = 2147483647;
			files = (
				521CFD8B8934320EBA082411 /* Pods_BoilerplateTests.framework in Frameworks */,
			);
			runOnlyForDeploymentPostprocessing = 0;
		};
		8D40B6221DD1C5870020B78A /* Frameworks */ = {
			isa = PBXFrameworksBuildPhase;
			buildActionMask = 2147483647;
			files = (
				86308914A6E33AB9F9291B0F /* Pods_BoilerplateUITests.framework in Frameworks */,
			);
			runOnlyForDeploymentPostprocessing = 0;
		};
/* End PBXFrameworksBuildPhase section */

/* Begin PBXGroup section */
		6A374092C6A18CC7342085A0 /* Frameworks */ = {
			isa = PBXGroup;
			children = (
				97366A74290159E0A7EA1B49 /* Pods_Boilerplate.framework */,
				3EDEAD4E977CFF12319638B4 /* Pods_BoilerplateTests.framework */,
				91EE36C95ECAEA6BF8A3CB00 /* Pods_BoilerplateUITests.framework */,
			);
			name = Frameworks;
			sourceTree = "<group>";
		};
		8D40B5FD1DD1C5870020B78A = {
			isa = PBXGroup;
			children = (
				0C24AC691FFEA00700B75942 /* Debug.xcconfig */,
				0C24AC6A1FFEA01A00B75942 /* Release.xcconfig */,
				8D40B6081DD1C5870020B78A /* Boilerplate */,
				8D40B61D1DD1C5870020B78A /* BoilerplateTests */,
				8D40B6281DD1C5870020B78A /* BoilerplateUITests */,
				8D40B6071DD1C5870020B78A /* Products */,
				C6F2B59B3575877B43918026 /* Pods */,
				6A374092C6A18CC7342085A0 /* Frameworks */,
			);
			sourceTree = "<group>";
		};
		8D40B6071DD1C5870020B78A /* Products */ = {
			isa = PBXGroup;
			children = (
				8D40B6061DD1C5870020B78A /* Boilerplate.app */,
				8D40B61A1DD1C5870020B78A /* BoilerplateTests.xctest */,
				8D40B6251DD1C5870020B78A /* BoilerplateUITests.xctest */,
			);
			name = Products;
			sourceTree = "<group>";
		};
		8D40B6081DD1C5870020B78A /* Boilerplate */ = {
			isa = PBXGroup;
			children = (
				0C24AC6B1FFEA2AC00B75942 /* Environment.swift */,
				8D40B6091DD1C5870020B78A /* AppDelegate.swift */,
				8D40B60B1DD1C5870020B78A /* ViewController.swift */,
				8D40B60D1DD1C5870020B78A /* Main.storyboard */,
				8D40B6101DD1C5870020B78A /* Assets.xcassets */,
				8D40B6121DD1C5870020B78A /* LaunchScreen.storyboard */,
				8D40B6151DD1C5870020B78A /* Info.plist */,
				8D40B6371DD1C5F50020B78A /* APIs */,
				8D40B6381DD1C6040020B78A /* Common */,
				8D40B6391DD1C6140020B78A /* Models */,
				8D40B63A1DD1C6240020B78A /* Storyboards */,
			);
			path = Boilerplate;
			sourceTree = "<group>";
		};
		8D40B61D1DD1C5870020B78A /* BoilerplateTests */ = {
			isa = PBXGroup;
			children = (
				8D40B61E1DD1C5870020B78A /* BoilerplateTests.swift */,
				8D40B6201DD1C5870020B78A /* Info.plist */,
			);
			path = BoilerplateTests;
			sourceTree = "<group>";
		};
		8D40B6281DD1C5870020B78A /* BoilerplateUITests */ = {
			isa = PBXGroup;
			children = (
				8D40B6291DD1C5870020B78A /* BoilerplateUITests.swift */,
				8D40B62B1DD1C5870020B78A /* Info.plist */,
			);
			path = BoilerplateUITests;
			sourceTree = "<group>";
		};
		8D40B6371DD1C5F50020B78A /* APIs */ = {
			isa = PBXGroup;
			children = (
			);
			path = APIs;
			sourceTree = "<group>";
		};
		8D40B6381DD1C6040020B78A /* Common */ = {
			isa = PBXGroup;
			children = (
			);
			path = Common;
			sourceTree = "<group>";
		};
		8D40B6391DD1C6140020B78A /* Models */ = {
			isa = PBXGroup;
			children = (
			);
			path = Models;
			sourceTree = "<group>";
		};
		8D40B63A1DD1C6240020B78A /* Storyboards */ = {
			isa = PBXGroup;
			children = (
			);
			path = Storyboards;
			sourceTree = "<group>";
		};
		C6F2B59B3575877B43918026 /* Pods */ = {
			isa = PBXGroup;
			children = (
				2BC3B7B0F6E1568A9ABF676B /* Pods-Boilerplate.debug.xcconfig */,
				9A1B4E6D8598EEB77E912B29 /* Pods-Boilerplate.release.xcconfig */,
				D0AEABC6780A326BB5888FE4 /* Pods-BoilerplateTests.debug.xcconfig */,
				92093AE66A1BFF63770598CC /* Pods-BoilerplateTests.release.xcconfig */,
				220763353B015B6E6DEB6DCF /* Pods-BoilerplateUITests.debug.xcconfig */,
				65E55F7044C1DFF736D39B43 /* Pods-BoilerplateUITests.release.xcconfig */,
			);
			name = Pods;
			sourceTree = "<group>";
		};
/* End PBXGroup section */

/* Begin PBXNativeTarget section */
		8D40B6051DD1C5870020B78A /* Boilerplate */ = {
			isa = PBXNativeTarget;
			buildConfigurationList = 8D40B62E1DD1C5870020B78A /* Build configuration list for PBXNativeTarget "Boilerplate" */;
			buildPhases = (
				978D8248E6CB772AF98A1053 /* [CP] Check Pods Manifest.lock */,
				8D40B6021DD1C5870020B78A /* Sources */,
				8D40B6031DD1C5870020B78A /* Frameworks */,
				8D40B6041DD1C5870020B78A /* Resources */,
				C7F7ACC2EE35A30CBBFF3C20 /* [CP] Embed Pods Frameworks */,
				4295FC74D3C45E94F102CFCB /* [CP] Copy Pods Resources */,
			);
			buildRules = (
			);
			dependencies = (
			);
			name = Boilerplate;
			productName = Boilerplate;
			productReference = 8D40B6061DD1C5870020B78A /* Boilerplate.app */;
			productType = "com.apple.product-type.application";
		};
		8D40B6191DD1C5870020B78A /* BoilerplateTests */ = {
			isa = PBXNativeTarget;
			buildConfigurationList = 8D40B6311DD1C5870020B78A /* Build configuration list for PBXNativeTarget "BoilerplateTests" */;
			buildPhases = (
				C522EB830CDB7F96B340C83D /* [CP] Check Pods Manifest.lock */,
				8D40B6161DD1C5870020B78A /* Sources */,
				8D40B6171DD1C5870020B78A /* Frameworks */,
				8D40B6181DD1C5870020B78A /* Resources */,
				BEB30E5E4D1B1FEB99BBCE52 /* [CP] Embed Pods Frameworks */,
				A8AD90BC177B6C72BE594C2E /* [CP] Copy Pods Resources */,
			);
			buildRules = (
			);
			dependencies = (
				8D40B61C1DD1C5870020B78A /* PBXTargetDependency */,
			);
			name = BoilerplateTests;
			productName = BoilerplateTests;
			productReference = 8D40B61A1DD1C5870020B78A /* BoilerplateTests.xctest */;
			productType = "com.apple.product-type.bundle.unit-test";
		};
		8D40B6241DD1C5870020B78A /* BoilerplateUITests */ = {
			isa = PBXNativeTarget;
			buildConfigurationList = 8D40B6341DD1C5870020B78A /* Build configuration list for PBXNativeTarget "BoilerplateUITests" */;
			buildPhases = (
				B32DE895298BA3F45B642E1B /* [CP] Check Pods Manifest.lock */,
				8D40B6211DD1C5870020B78A /* Sources */,
				8D40B6221DD1C5870020B78A /* Frameworks */,
				8D40B6231DD1C5870020B78A /* Resources */,
				408C77A81D612B00A8D72747 /* [CP] Embed Pods Frameworks */,
				248ED0DD3B28C5A1FEC84081 /* [CP] Copy Pods Resources */,
			);
			buildRules = (
			);
			dependencies = (
				8D40B6271DD1C5870020B78A /* PBXTargetDependency */,
			);
			name = BoilerplateUITests;
			productName = BoilerplateUITests;
			productReference = 8D40B6251DD1C5870020B78A /* BoilerplateUITests.xctest */;
			productType = "com.apple.product-type.bundle.ui-testing";
		};
/* End PBXNativeTarget section */

/* Begin PBXProject section */
		8D40B5FE1DD1C5870020B78A /* Project object */ = {
			isa = PBXProject;
			attributes = {
				LastSwiftUpdateCheck = 0810;
				LastUpgradeCheck = 0810;
				ORGANIZATIONNAME = Innovatube;
				TargetAttributes = {
					8D40B6051DD1C5870020B78A = {
						CreatedOnToolsVersion = 8.1;
						DevelopmentTeam = 4NSEM47K29;
						ProvisioningStyle = Automatic;
					};
					8D40B6191DD1C5870020B78A = {
						CreatedOnToolsVersion = 8.1;
						ProvisioningStyle = Automatic;
						TestTargetID = 8D40B6051DD1C5870020B78A;
					};
					8D40B6241DD1C5870020B78A = {
						CreatedOnToolsVersion = 8.1;
						ProvisioningStyle = Automatic;
						TestTargetID = 8D40B6051DD1C5870020B78A;
					};
				};
			};
			buildConfigurationList = 8D40B6011DD1C5870020B78A /* Build configuration list for PBXProject "Boilerplate" */;
			compatibilityVersion = "Xcode 3.2";
			developmentRegion = English;
			hasScannedForEncodings = 0;
			knownRegions = (
				en,
				Base,
			);
			mainGroup = 8D40B5FD1DD1C5870020B78A;
			productRefGroup = 8D40B6071DD1C5870020B78A /* Products */;
			projectDirPath = "";
			projectRoot = "";
			targets = (
				8D40B6051DD1C5870020B78A /* Boilerplate */,
				8D40B6191DD1C5870020B78A /* BoilerplateTests */,
				8D40B6241DD1C5870020B78A /* BoilerplateUITests */,
			);
		};
/* End PBXProject section */

/* Begin PBXResourcesBuildPhase section */
		8D40B6041DD1C5870020B78A /* Resources */ = {
			isa = PBXResourcesBuildPhase;
			buildActionMask = 2147483647;
			files = (
				8D40B6141DD1C5870020B78A /* LaunchScreen.storyboard in Resources */,
				8D40B6111DD1C5870020B78A /* Assets.xcassets in Resources */,
				8D40B60F1DD1C5870020B78A /* Main.storyboard in Resources */,
			);
			runOnlyForDeploymentPostprocessing = 0;
		};
		8D40B6181DD1C5870020B78A /* Resources */ = {
			isa = PBXResourcesBuildPhase;
			buildActionMask = 2147483647;
			files = (
			);
			runOnlyForDeploymentPostprocessing = 0;
		};
		8D40B6231DD1C5870020B78A /* Resources */ = {
			isa = PBXResourcesBuildPhase;
			buildActionMask = 2147483647;
			files = (
			);
			runOnlyForDeploymentPostprocessing = 0;
		};
/* End PBXResourcesBuildPhase section */

/* Begin PBXShellScriptBuildPhase section */
		248ED0DD3B28C5A1FEC84081 /* [CP] Copy Pods Resources */ = {
			isa = PBXShellScriptBuildPhase;
			buildActionMask = 2147483647;
			files = (
			);
			inputPaths = (
			);
			name = "[CP] Copy Pods Resources";
			outputPaths = (
			);
			runOnlyForDeploymentPostprocessing = 0;
			shellPath = /bin/sh;
			shellScript = "\"${SRCROOT}/Pods/Target Support Files/Pods-BoilerplateUITests/Pods-BoilerplateUITests-resources.sh\"\n";
			showEnvVarsInLog = 0;
		};
		408C77A81D612B00A8D72747 /* [CP] Embed Pods Frameworks */ = {
			isa = PBXShellScriptBuildPhase;
			buildActionMask = 2147483647;
			files = (
			);
			inputPaths = (
			);
			name = "[CP] Embed Pods Frameworks";
			outputPaths = (
			);
			runOnlyForDeploymentPostprocessing = 0;
			shellPath = /bin/sh;
			shellScript = "\"${SRCROOT}/Pods/Target Support Files/Pods-BoilerplateUITests/Pods-BoilerplateUITests-frameworks.sh\"\n";
			showEnvVarsInLog = 0;
		};
		4295FC74D3C45E94F102CFCB /* [CP] Copy Pods Resources */ = {
			isa = PBXShellScriptBuildPhase;
			buildActionMask = 2147483647;
			files = (
			);
			inputPaths = (
			);
			name = "[CP] Copy Pods Resources";
			outputPaths = (
			);
			runOnlyForDeploymentPostprocessing = 0;
			shellPath = /bin/sh;
			shellScript = "\"${SRCROOT}/Pods/Target Support Files/Pods-Boilerplate/Pods-Boilerplate-resources.sh\"\n";
			showEnvVarsInLog = 0;
		};
		978D8248E6CB772AF98A1053 /* [CP] Check Pods Manifest.lock */ = {
			isa = PBXShellScriptBuildPhase;
			buildActionMask = 2147483647;
			files = (
			);
			inputPaths = (
				"${PODS_PODFILE_DIR_PATH}/Podfile.lock",
				"${PODS_ROOT}/Manifest.lock",
			);
			name = "[CP] Check Pods Manifest.lock";
			outputPaths = (
				"$(DERIVED_FILE_DIR)/Pods-Boilerplate-checkManifestLockResult.txt",
			);
			runOnlyForDeploymentPostprocessing = 0;
			shellPath = /bin/sh;
			shellScript = "diff \"${PODS_PODFILE_DIR_PATH}/Podfile.lock\" \"${PODS_ROOT}/Manifest.lock\" > /dev/null\nif [ $? != 0 ] ; then\n    # print error to STDERR\n    echo \"error: The sandbox is not in sync with the Podfile.lock. Run 'pod install' or update your CocoaPods installation.\" >&2\n    exit 1\nfi\n# This output is used by Xcode 'outputs' to avoid re-running this script phase.\necho \"SUCCESS\" > \"${SCRIPT_OUTPUT_FILE_0}\"\n";
			showEnvVarsInLog = 0;
		};
		A8AD90BC177B6C72BE594C2E /* [CP] Copy Pods Resources */ = {
			isa = PBXShellScriptBuildPhase;
			buildActionMask = 2147483647;
			files = (
			);
			inputPaths = (
			);
			name = "[CP] Copy Pods Resources";
			outputPaths = (
			);
			runOnlyForDeploymentPostprocessing = 0;
			shellPath = /bin/sh;
			shellScript = "\"${SRCROOT}/Pods/Target Support Files/Pods-BoilerplateTests/Pods-BoilerplateTests-resources.sh\"\n";
			showEnvVarsInLog = 0;
		};
		B32DE895298BA3F45B642E1B /* [CP] Check Pods Manifest.lock */ = {
			isa = PBXShellScriptBuildPhase;
			buildActionMask = 2147483647;
			files = (
			);
			inputPaths = (
				"${PODS_PODFILE_DIR_PATH}/Podfile.lock",
				"${PODS_ROOT}/Manifest.lock",
			);
			name = "[CP] Check Pods Manifest.lock";
			outputPaths = (
				"$(DERIVED_FILE_DIR)/Pods-BoilerplateUITests-checkManifestLockResult.txt",
			);
			runOnlyForDeploymentPostprocessing = 0;
			shellPath = /bin/sh;
			shellScript = "diff \"${PODS_PODFILE_DIR_PATH}/Podfile.lock\" \"${PODS_ROOT}/Manifest.lock\" > /dev/null\nif [ $? != 0 ] ; then\n    # print error to STDERR\n    echo \"error: The sandbox is not in sync with the Podfile.lock. Run 'pod install' or update your CocoaPods installation.\" >&2\n    exit 1\nfi\n# This output is used by Xcode 'outputs' to avoid re-running this script phase.\necho \"SUCCESS\" > \"${SCRIPT_OUTPUT_FILE_0}\"\n";
			showEnvVarsInLog = 0;
		};
		BEB30E5E4D1B1FEB99BBCE52 /* [CP] Embed Pods Frameworks */ = {
			isa = PBXShellScriptBuildPhase;
			buildActionMask = 2147483647;
			files = (
			);
			inputPaths = (
			);
			name = "[CP] Embed Pods Frameworks";
			outputPaths = (
			);
			runOnlyForDeploymentPostprocessing = 0;
			shellPath = /bin/sh;
			shellScript = "\"${SRCROOT}/Pods/Target Support Files/Pods-BoilerplateTests/Pods-BoilerplateTests-frameworks.sh\"\n";
			showEnvVarsInLog = 0;
		};
		C522EB830CDB7F96B340C83D /* [CP] Check Pods Manifest.lock */ = {
			isa = PBXShellScriptBuildPhase;
			buildActionMask = 2147483647;
			files = (
			);
			inputPaths = (
				"${PODS_PODFILE_DIR_PATH}/Podfile.lock",
				"${PODS_ROOT}/Manifest.lock",
			);
			name = "[CP] Check Pods Manifest.lock";
			outputPaths = (
				"$(DERIVED_FILE_DIR)/Pods-BoilerplateTests-checkManifestLockResult.txt",
			);
			runOnlyForDeploymentPostprocessing = 0;
			shellPath = /bin/sh;
			shellScript = "diff \"${PODS_PODFILE_DIR_PATH}/Podfile.lock\" \"${PODS_ROOT}/Manifest.lock\" > /dev/null\nif [ $? != 0 ] ; then\n    # print error to STDERR\n    echo \"error: The sandbox is not in sync with the Podfile.lock. Run 'pod install' or update your CocoaPods installation.\" >&2\n    exit 1\nfi\n# This output is used by Xcode 'outputs' to avoid re-running this script phase.\necho \"SUCCESS\" > \"${SCRIPT_OUTPUT_FILE_0}\"\n";
			showEnvVarsInLog = 0;
		};
		C7F7ACC2EE35A30CBBFF3C20 /* [CP] Embed Pods Frameworks */ = {
			isa = PBXShellScriptBuildPhase;
			buildActionMask = 2147483647;
			files = (
			);
			inputPaths = (
				"${SRCROOT}/Pods/Target Support Files/Pods-Boilerplate/Pods-Boilerplate-frameworks.sh",
				"${BUILT_PRODUCTS_DIR}/Alamofire/Alamofire.framework",
				"${BUILT_PRODUCTS_DIR}/Eureka/Eureka.framework",
				"${BUILT_PRODUCTS_DIR}/Immutable/Immutable.framework",
				"${BUILT_PRODUCTS_DIR}/Kingfisher/Kingfisher.framework",
				"${BUILT_PRODUCTS_DIR}/Moya/Moya.framework",
				"${BUILT_PRODUCTS_DIR}/ReachabilitySwift/Reachability.framework",
				"${BUILT_PRODUCTS_DIR}/Realm/Realm.framework",
				"${BUILT_PRODUCTS_DIR}/RealmSwift/RealmSwift.framework",
				"${BUILT_PRODUCTS_DIR}/Result/Result.framework",
				"${BUILT_PRODUCTS_DIR}/RxCocoa/RxCocoa.framework",
				"${BUILT_PRODUCTS_DIR}/RxOptional/RxOptional.framework",
				"${BUILT_PRODUCTS_DIR}/RxPager/RxPager.framework",
				"${BUILT_PRODUCTS_DIR}/RxRealm/RxRealm.framework",
				"${BUILT_PRODUCTS_DIR}/RxSwift/RxSwift.framework",
				"${BUILT_PRODUCTS_DIR}/RxViewModel/RxViewModel.framework",
				"${BUILT_PRODUCTS_DIR}/SwiftDate/SwiftDate.framework",
				"${BUILT_PRODUCTS_DIR}/SwiftyAttributes/SwiftyAttributes.framework",
				"${BUILT_PRODUCTS_DIR}/SwiftyUserDefaults/SwiftyUserDefaults.framework",
				"${BUILT_PRODUCTS_DIR}/Then/Then.framework",
				"${BUILT_PRODUCTS_DIR}/Whisper/Whisper.framework",
				"${BUILT_PRODUCTS_DIR}/Windless/Windless.framework",
			);
			name = "[CP] Embed Pods Frameworks";
			outputPaths = (
				"${TARGET_BUILD_DIR}/${FRAMEWORKS_FOLDER_PATH}/Alamofire.framework",
				"${TARGET_BUILD_DIR}/${FRAMEWORKS_FOLDER_PATH}/Eureka.framework",
				"${TARGET_BUILD_DIR}/${FRAMEWORKS_FOLDER_PATH}/Immutable.framework",
				"${TARGET_BUILD_DIR}/${FRAMEWORKS_FOLDER_PATH}/Kingfisher.framework",
				"${TARGET_BUILD_DIR}/${FRAMEWORKS_FOLDER_PATH}/Moya.framework",
				"${TARGET_BUILD_DIR}/${FRAMEWORKS_FOLDER_PATH}/Reachability.framework",
				"${TARGET_BUILD_DIR}/${FRAMEWORKS_FOLDER_PATH}/Realm.framework",
				"${TARGET_BUILD_DIR}/${FRAMEWORKS_FOLDER_PATH}/RealmSwift.framework",
				"${TARGET_BUILD_DIR}/${FRAMEWORKS_FOLDER_PATH}/Result.framework",
				"${TARGET_BUILD_DIR}/${FRAMEWORKS_FOLDER_PATH}/RxCocoa.framework",
				"${TARGET_BUILD_DIR}/${FRAMEWORKS_FOLDER_PATH}/RxOptional.framework",
				"${TARGET_BUILD_DIR}/${FRAMEWORKS_FOLDER_PATH}/RxPager.framework",
				"${TARGET_BUILD_DIR}/${FRAMEWORKS_FOLDER_PATH}/RxRealm.framework",
				"${TARGET_BUILD_DIR}/${FRAMEWORKS_FOLDER_PATH}/RxSwift.framework",
				"${TARGET_BUILD_DIR}/${FRAMEWORKS_FOLDER_PATH}/RxViewModel.framework",
				"${TARGET_BUILD_DIR}/${FRAMEWORKS_FOLDER_PATH}/SwiftDate.framework",
				"${TARGET_BUILD_DIR}/${FRAMEWORKS_FOLDER_PATH}/SwiftyAttributes.framework",
				"${TARGET_BUILD_DIR}/${FRAMEWORKS_FOLDER_PATH}/SwiftyUserDefaults.framework",
				"${TARGET_BUILD_DIR}/${FRAMEWORKS_FOLDER_PATH}/Then.framework",
				"${TARGET_BUILD_DIR}/${FRAMEWORKS_FOLDER_PATH}/Whisper.framework",
				"${TARGET_BUILD_DIR}/${FRAMEWORKS_FOLDER_PATH}/Windless.framework",
			);
			runOnlyForDeploymentPostprocessing = 0;
			shellPath = /bin/sh;
			shellScript = "\"${SRCROOT}/Pods/Target Support Files/Pods-Boilerplate/Pods-Boilerplate-frameworks.sh\"\n";
			showEnvVarsInLog = 0;
		};
/* End PBXShellScriptBuildPhase section */

/* Begin PBXSourcesBuildPhase section */
		8D40B6021DD1C5870020B78A /* Sources */ = {
			isa = PBXSourcesBuildPhase;
			buildActionMask = 2147483647;
			files = (
				8D40B60C1DD1C5870020B78A /* ViewController.swift in Sources */,
				0C24AC6C1FFEA2AC00B75942 /* Environment.swift in Sources */,
				8D40B60A1DD1C5870020B78A /* AppDelegate.swift in Sources */,
			);
			runOnlyForDeploymentPostprocessing = 0;
		};
		8D40B6161DD1C5870020B78A /* Sources */ = {
			isa = PBXSourcesBuildPhase;
			buildActionMask = 2147483647;
			files = (
				8D40B61F1DD1C5870020B78A /* BoilerplateTests.swift in Sources */,
			);
			runOnlyForDeploymentPostprocessing = 0;
		};
		8D40B6211DD1C5870020B78A /* Sources */ = {
			isa = PBXSourcesBuildPhase;
			buildActionMask = 2147483647;
			files = (
				8D40B62A1DD1C5870020B78A /* BoilerplateUITests.swift in Sources */,
			);
			runOnlyForDeploymentPostprocessing = 0;
		};
/* End PBXSourcesBuildPhase section */

/* Begin PBXTargetDependency section */
		8D40B61C1DD1C5870020B78A /* PBXTargetDependency */ = {
			isa = PBXTargetDependency;
			target = 8D40B6051DD1C5870020B78A /* Boilerplate */;
			targetProxy = 8D40B61B1DD1C5870020B78A /* PBXContainerItemProxy */;
		};
		8D40B6271DD1C5870020B78A /* PBXTargetDependency */ = {
			isa = PBXTargetDependency;
			target = 8D40B6051DD1C5870020B78A /* Boilerplate */;
			targetProxy = 8D40B6261DD1C5870020B78A /* PBXContainerItemProxy */;
		};
/* End PBXTargetDependency section */

/* Begin PBXVariantGroup section */
		8D40B60D1DD1C5870020B78A /* Main.storyboard */ = {
			isa = PBXVariantGroup;
			children = (
				8D40B60E1DD1C5870020B78A /* Base */,
			);
			name = Main.storyboard;
			sourceTree = "<group>";
		};
		8D40B6121DD1C5870020B78A /* LaunchScreen.storyboard */ = {
			isa = PBXVariantGroup;
			children = (
				8D40B6131DD1C5870020B78A /* Base */,
			);
			name = LaunchScreen.storyboard;
			sourceTree = "<group>";
		};
/* End PBXVariantGroup section */

/* Begin XCBuildConfiguration section */
		8D40B62C1DD1C5870020B78A /* Debug */ = {
			isa = XCBuildConfiguration;
			baseConfigurationReference = 0C24AC691FFEA00700B75942 /* Debug.xcconfig */;
			buildSettings = {
				ALWAYS_SEARCH_USER_PATHS = NO;
				CLANG_ANALYZER_NONNULL = YES;
				CLANG_CXX_LANGUAGE_STANDARD = "gnu++0x";
				CLANG_CXX_LIBRARY = "libc++";
				CLANG_ENABLE_MODULES = YES;
				CLANG_ENABLE_OBJC_ARC = YES;
				CLANG_WARN_BOOL_CONVERSION = YES;
				CLANG_WARN_CONSTANT_CONVERSION = YES;
				CLANG_WARN_DIRECT_OBJC_ISA_USAGE = YES_ERROR;
				CLANG_WARN_DOCUMENTATION_COMMENTS = YES;
				CLANG_WARN_EMPTY_BODY = YES;
				CLANG_WARN_ENUM_CONVERSION = YES;
				CLANG_WARN_INFINITE_RECURSION = YES;
				CLANG_WARN_INT_CONVERSION = YES;
				CLANG_WARN_OBJC_ROOT_CLASS = YES_ERROR;
				CLANG_WARN_SUSPICIOUS_MOVES = YES;
				CLANG_WARN_UNREACHABLE_CODE = YES;
				CLANG_WARN__DUPLICATE_METHOD_MATCH = YES;
				"CODE_SIGN_IDENTITY[sdk=iphoneos*]" = "iPhone Developer";
				COPY_PHASE_STRIP = NO;
				DEBUG_INFORMATION_FORMAT = dwarf;
				ENABLE_STRICT_OBJC_MSGSEND = YES;
				ENABLE_TESTABILITY = YES;
				GCC_C_LANGUAGE_STANDARD = gnu99;
				GCC_DYNAMIC_NO_PIC = NO;
				GCC_NO_COMMON_BLOCKS = YES;
				GCC_OPTIMIZATION_LEVEL = 0;
				GCC_PREPROCESSOR_DEFINITIONS = (
					"DEBUG=1",
					"$(inherited)",
				);
				GCC_WARN_64_TO_32_BIT_CONVERSION = YES;
				GCC_WARN_ABOUT_RETURN_TYPE = YES_ERROR;
				GCC_WARN_UNDECLARED_SELECTOR = YES;
				GCC_WARN_UNINITIALIZED_AUTOS = YES_AGGRESSIVE;
				GCC_WARN_UNUSED_FUNCTION = YES;
				GCC_WARN_UNUSED_VARIABLE = YES;
				IPHONEOS_DEPLOYMENT_TARGET = 10.1;
				MTL_ENABLE_DEBUG_INFO = YES;
				ONLY_ACTIVE_ARCH = YES;
				SDKROOT = iphoneos;
				SWIFT_ACTIVE_COMPILATION_CONDITIONS = DEBUG;
				SWIFT_OPTIMIZATION_LEVEL = "-Onone";
				SWIFT_VERSION = 4.0;
			};
			name = Debug;
		};
		8D40B62D1DD1C5870020B78A /* Release */ = {
			isa = XCBuildConfiguration;
			baseConfigurationReference = 0C24AC6A1FFEA01A00B75942 /* Release.xcconfig */;
			buildSettings = {
				ALWAYS_SEARCH_USER_PATHS = NO;
				CLANG_ANALYZER_NONNULL = YES;
				CLANG_CXX_LANGUAGE_STANDARD = "gnu++0x";
				CLANG_CXX_LIBRARY = "libc++";
				CLANG_ENABLE_MODULES = YES;
				CLANG_ENABLE_OBJC_ARC = YES;
				CLANG_WARN_BOOL_CONVERSION = YES;
				CLANG_WARN_CONSTANT_CONVERSION = YES;
				CLANG_WARN_DIRECT_OBJC_ISA_USAGE = YES_ERROR;
				CLANG_WARN_DOCUMENTATION_COMMENTS = YES;
				CLANG_WARN_EMPTY_BODY = YES;
				CLANG_WARN_ENUM_CONVERSION = YES;
				CLANG_WARN_INFINITE_RECURSION = YES;
				CLANG_WARN_INT_CONVERSION = YES;
				CLANG_WARN_OBJC_ROOT_CLASS = YES_ERROR;
				CLANG_WARN_SUSPICIOUS_MOVES = YES;
				CLANG_WARN_UNREACHABLE_CODE = YES;
				CLANG_WARN__DUPLICATE_METHOD_MATCH = YES;
				"CODE_SIGN_IDENTITY[sdk=iphoneos*]" = "iPhone Developer";
				COPY_PHASE_STRIP = NO;
				DEBUG_INFORMATION_FORMAT = "dwarf-with-dsym";
				ENABLE_NS_ASSERTIONS = NO;
				ENABLE_STRICT_OBJC_MSGSEND = YES;
				GCC_C_LANGUAGE_STANDARD = gnu99;
				GCC_NO_COMMON_BLOCKS = YES;
				GCC_WARN_64_TO_32_BIT_CONVERSION = YES;
				GCC_WARN_ABOUT_RETURN_TYPE = YES_ERROR;
				GCC_WARN_UNDECLARED_SELECTOR = YES;
				GCC_WARN_UNINITIALIZED_AUTOS = YES_AGGRESSIVE;
				GCC_WARN_UNUSED_FUNCTION = YES;
				GCC_WARN_UNUSED_VARIABLE = YES;
				IPHONEOS_DEPLOYMENT_TARGET = 10.1;
				MTL_ENABLE_DEBUG_INFO = NO;
				SDKROOT = iphoneos;
				SWIFT_OPTIMIZATION_LEVEL = "-Owholemodule";
				SWIFT_VERSION = 4.0;
				VALIDATE_PRODUCT = YES;
			};
			name = Release;
		};
		8D40B62F1DD1C5870020B78A /* Debug */ = {
			isa = XCBuildConfiguration;
			baseConfigurationReference = 2BC3B7B0F6E1568A9ABF676B /* Pods-Boilerplate.debug.xcconfig */;
			buildSettings = {
				ASSETCATALOG_COMPILER_APPICON_NAME = AppIcon;
				DEVELOPMENT_TEAM = 4NSEM47K29;
				INFOPLIST_FILE = Boilerplate/Info.plist;
				LD_RUNPATH_SEARCH_PATHS = "$(inherited) @executable_path/Frameworks";
				PRODUCT_BUNDLE_IDENTIFIER = "--BUNDLE-ID-";
				PRODUCT_NAME = "$(TARGET_NAME)";
				SWIFT_VERSION = 4.0;
				TARGETED_DEVICE_FAMILY = 1;
			};
			name = Debug;
		};
		8D40B6301DD1C5870020B78A /* Release */ = {
			isa = XCBuildConfiguration;
			baseConfigurationReference = 9A1B4E6D8598EEB77E912B29 /* Pods-Boilerplate.release.xcconfig */;
			buildSettings = {
				ASSETCATALOG_COMPILER_APPICON_NAME = AppIcon;
				DEVELOPMENT_TEAM = 4NSEM47K29;
				INFOPLIST_FILE = Boilerplate/Info.plist;
				LD_RUNPATH_SEARCH_PATHS = "$(inherited) @executable_path/Frameworks";
				PRODUCT_BUNDLE_IDENTIFIER = "--BUNDLE-ID-";
				PRODUCT_NAME = "$(TARGET_NAME)";
				SWIFT_VERSION = 4.0;
				TARGETED_DEVICE_FAMILY = 1;
			};
			name = Release;
		};
		8D40B6321DD1C5870020B78A /* Debug */ = {
			isa = XCBuildConfiguration;
			baseConfigurationReference = D0AEABC6780A326BB5888FE4 /* Pods-BoilerplateTests.debug.xcconfig */;
			buildSettings = {
				ALWAYS_EMBED_SWIFT_STANDARD_LIBRARIES = YES;
				BUNDLE_LOADER = "$(TEST_HOST)";
				INFOPLIST_FILE = BoilerplateTests/Info.plist;
				LD_RUNPATH_SEARCH_PATHS = "$(inherited) @executable_path/Frameworks @loader_path/Frameworks";
				PRODUCT_BUNDLE_IDENTIFIER = com.innovatube.BoilerplateTests;
				PRODUCT_NAME = "$(TARGET_NAME)";
				SWIFT_VERSION = 3.0;
				TEST_HOST = "$(BUILT_PRODUCTS_DIR)/Boilerplate.app/Boilerplate";
			};
			name = Debug;
		};
		8D40B6331DD1C5870020B78A /* Release */ = {
			isa = XCBuildConfiguration;
			baseConfigurationReference = 92093AE66A1BFF63770598CC /* Pods-BoilerplateTests.release.xcconfig */;
			buildSettings = {
				ALWAYS_EMBED_SWIFT_STANDARD_LIBRARIES = YES;
				BUNDLE_LOADER = "$(TEST_HOST)";
				INFOPLIST_FILE = BoilerplateTests/Info.plist;
				LD_RUNPATH_SEARCH_PATHS = "$(inherited) @executable_path/Frameworks @loader_path/Frameworks";
				PRODUCT_BUNDLE_IDENTIFIER = com.innovatube.BoilerplateTests;
				PRODUCT_NAME = "$(TARGET_NAME)";
				SWIFT_VERSION = 3.0;
				TEST_HOST = "$(BUILT_PRODUCTS_DIR)/Boilerplate.app/Boilerplate";
			};
			name = Release;
		};
		8D40B6351DD1C5870020B78A /* Debug */ = {
			isa = XCBuildConfiguration;
			baseConfigurationReference = 220763353B015B6E6DEB6DCF /* Pods-BoilerplateUITests.debug.xcconfig */;
			buildSettings = {
				ALWAYS_EMBED_SWIFT_STANDARD_LIBRARIES = YES;
				INFOPLIST_FILE = BoilerplateUITests/Info.plist;
				LD_RUNPATH_SEARCH_PATHS = "$(inherited) @executable_path/Frameworks @loader_path/Frameworks";
				PRODUCT_BUNDLE_IDENTIFIER = com.innovatube.BoilerplateUITests;
				PRODUCT_NAME = "$(TARGET_NAME)";
				SWIFT_VERSION = 3.0;
				TEST_TARGET_NAME = Boilerplate;
			};
			name = Debug;
		};
		8D40B6361DD1C5870020B78A /* Release */ = {
			isa = XCBuildConfiguration;
			baseConfigurationReference = 65E55F7044C1DFF736D39B43 /* Pods-BoilerplateUITests.release.xcconfig */;
			buildSettings = {
				ALWAYS_EMBED_SWIFT_STANDARD_LIBRARIES = YES;
				INFOPLIST_FILE = BoilerplateUITests/Info.plist;
				LD_RUNPATH_SEARCH_PATHS = "$(inherited) @executable_path/Frameworks @loader_path/Frameworks";
				PRODUCT_BUNDLE_IDENTIFIER = com.innovatube.BoilerplateUITests;
				PRODUCT_NAME = "$(TARGET_NAME)";
				SWIFT_VERSION = 3.0;
				TEST_TARGET_NAME = Boilerplate;
			};
			name = Release;
		};
/* End XCBuildConfiguration section */

/* Begin XCConfigurationList section */
		8D40B6011DD1C5870020B78A /* Build configuration list for PBXProject "Boilerplate" */ = {
			isa = XCConfigurationList;
			buildConfigurations = (
				8D40B62C1DD1C5870020B78A /* Debug */,
				8D40B62D1DD1C5870020B78A /* Release */,
			);
			defaultConfigurationIsVisible = 0;
			defaultConfigurationName = Release;
		};
		8D40B62E1DD1C5870020B78A /* Build configuration list for PBXNativeTarget "Boilerplate" */ = {
			isa = XCConfigurationList;
			buildConfigurations = (
				8D40B62F1DD1C5870020B78A /* Debug */,
				8D40B6301DD1C5870020B78A /* Release */,
			);
			defaultConfigurationIsVisible = 0;
			defaultConfigurationName = Release;
		};
		8D40B6311DD1C5870020B78A /* Build configuration list for PBXNativeTarget "BoilerplateTests" */ = {
			isa = XCConfigurationList;
			buildConfigurations = (
				8D40B6321DD1C5870020B78A /* Debug */,
				8D40B6331DD1C5870020B78A /* Release */,
			);
			defaultConfigurationIsVisible = 0;
			defaultConfigurationName = Release;
		};
		8D40B6341DD1C5870020B78A /* Build configuration list for PBXNativeTarget "BoilerplateUITests" */ = {
			isa = XCConfigurationList;
			buildConfigurations = (
				8D40B6351DD1C5870020B78A /* Debug */,
				8D40B6361DD1C5870020B78A /* Release */,
			);
			defaultConfigurationIsVisible = 0;
			defaultConfigurationName = Release;
		};
/* End XCConfigurationList section */
	};
	rootObject = 8D40B5FE1DD1C5870020B78A /* Project object */;
}
